// !$*UTF8*$!
{
	archiveVersion = 1;
	classes = {
	};
	objectVersion = 55;
	objects = {

/* Begin PBXBuildFile section */
		1DC1A95128043C2600D94614 /* AirQuotesUITests.swift in Sources */ = {isa = PBXBuildFile; fileRef = 1DC1A95028043C2600D94614 /* AirQuotesUITests.swift */; };
		1DC1A95328043C2600D94614 /* AirQuotesUITestsLaunchTests.swift in Sources */ = {isa = PBXBuildFile; fileRef = 1DC1A95228043C2600D94614 /* AirQuotesUITestsLaunchTests.swift */; };
		1DE108DE27B12893004D078C /* ModelExceptions.swift in Sources */ = {isa = PBXBuildFile; fileRef = 1DE108DD27B12893004D078C /* ModelExceptions.swift */; };
		1DE108E027B13431004D078C /* NSSet.swift in Sources */ = {isa = PBXBuildFile; fileRef = 1DE108DF27B13431004D078C /* NSSet.swift */; };
		751FFDCC27B43F2E00E5476C /* FavoritesListView.swift in Sources */ = {isa = PBXBuildFile; fileRef = 751FFDCB27B43F2E00E5476C /* FavoritesListView.swift */; };
		751FFDCE27B443B200E5476C /* CollectionsSliderView.swift in Sources */ = {isa = PBXBuildFile; fileRef = 751FFDCD27B443B200E5476C /* CollectionsSliderView.swift */; };
		7520042A27A9DF520054DDDA /* QuoteFormView.swift in Sources */ = {isa = PBXBuildFile; fileRef = 7520042927A9DF520054DDDA /* QuoteFormView.swift */; };
		75391DC127AA80A600C9BA27 /* LatestSectionView.swift in Sources */ = {isa = PBXBuildFile; fileRef = 7532090427A86ED800FBCA86 /* LatestSectionView.swift */; };
		75391DC227AA80AB00C9BA27 /* QuotesSliderView.swift in Sources */ = {isa = PBXBuildFile; fileRef = 7520042727A990BB0054DDDA /* QuotesSliderView.swift */; };
		75391DC327AA80CB00C9BA27 /* Settings.swift in Sources */ = {isa = PBXBuildFile; fileRef = 7532090E27A8843D00FBCA86 /* Settings.swift */; };
		75391DC427AA80D900C9BA27 /* RoundedRectangleButtonStyle.swift in Sources */ = {isa = PBXBuildFile; fileRef = 7532091127A886D600FBCA86 /* RoundedRectangleButtonStyle.swift */; };
		75391DC527AA80DD00C9BA27 /* String.swift in Sources */ = {isa = PBXBuildFile; fileRef = 7532090727A8707A00FBCA86 /* String.swift */; };
		75391DC627AA80DF00C9BA27 /* View.swift in Sources */ = {isa = PBXBuildFile; fileRef = 7532090927A8714E00FBCA86 /* View.swift */; };
		75391DC727AA80E100C9BA27 /* TupleView.swift in Sources */ = {isa = PBXBuildFile; fileRef = 7532091527A9746E00FBCA86 /* TupleView.swift */; };
		75391DC827AA80E900C9BA27 /* CoreDataModelAirQuotes.xcdatamodeld in Sources */ = {isa = PBXBuildFile; fileRef = 1D3B9EEA27A845A6009A6CF3 /* CoreDataModelAirQuotes.xcdatamodeld */; };
		75391DC927AA80F200C9BA27 /* BrowseView.swift in Sources */ = {isa = PBXBuildFile; fileRef = 7532090C27A8814900FBCA86 /* BrowseView.swift */; };
		75391DCA27AA80F800C9BA27 /* StoreAirQuotes.swift in Sources */ = {isa = PBXBuildFile; fileRef = 1D3B9EE427A8425C009A6CF3 /* StoreAirQuotes.swift */; };
		75391DCE27AA812100C9BA27 /* CoreDataManager.swift in Sources */ = {isa = PBXBuildFile; fileRef = 75391DCC27AA812100C9BA27 /* CoreDataManager.swift */; };
		75391DCF27AA812100C9BA27 /* ModelAirQuotes.swift in Sources */ = {isa = PBXBuildFile; fileRef = 75391DCD27AA812100C9BA27 /* ModelAirQuotes.swift */; };
		75391DD127AAC08000C9BA27 /* TagFormView.swift in Sources */ = {isa = PBXBuildFile; fileRef = 75391DD027AAC08000C9BA27 /* TagFormView.swift */; };
		75391DD327AAC19100C9BA27 /* TagView.swift in Sources */ = {isa = PBXBuildFile; fileRef = 75391DD227AAC19100C9BA27 /* TagView.swift */; };
		75391DD827AB0D2D00C9BA27 /* CollectionFormView.swift in Sources */ = {isa = PBXBuildFile; fileRef = 75391DD727AB0D2D00C9BA27 /* CollectionFormView.swift */; };
		75391DDA27AB268200C9BA27 /* ColorSelectionView.swift in Sources */ = {isa = PBXBuildFile; fileRef = 75391DD927AB268200C9BA27 /* ColorSelectionView.swift */; };
		75391DDC27AB283500C9BA27 /* CollectionItemView.swift in Sources */ = {isa = PBXBuildFile; fileRef = 75391DDB27AB283500C9BA27 /* CollectionItemView.swift */; };
		7575E7B727A8382900CF0804 /* AirQuotesApp.swift in Sources */ = {isa = PBXBuildFile; fileRef = 7575E7B627A8382900CF0804 /* AirQuotesApp.swift */; };
		7575E7B927A8382900CF0804 /* ContentView.swift in Sources */ = {isa = PBXBuildFile; fileRef = 7575E7B827A8382900CF0804 /* ContentView.swift */; };
		7575E7BB27A8382A00CF0804 /* Assets.xcassets in Resources */ = {isa = PBXBuildFile; fileRef = 7575E7BA27A8382A00CF0804 /* Assets.xcassets */; };
		7575E7BE27A8382A00CF0804 /* Preview Assets.xcassets in Resources */ = {isa = PBXBuildFile; fileRef = 7575E7BD27A8382A00CF0804 /* Preview Assets.xcassets */; };
		757EC1DE27AC5634000F65A1 /* IconSelectionView.swift in Sources */ = {isa = PBXBuildFile; fileRef = 757EC1DD27AC5634000F65A1 /* IconSelectionView.swift */; };
		75815FDC27AB37C400C660F5 /* Array.swift in Sources */ = {isa = PBXBuildFile; fileRef = 75815FDB27AB37C400C660F5 /* Array.swift */; };
		75815FDE27AB3E6900C660F5 /* CollectionsListView.swift in Sources */ = {isa = PBXBuildFile; fileRef = 75815FDD27AB3E6800C660F5 /* CollectionsListView.swift */; };
		759D239C27A9E648001DE6C8 /* Functions.swift in Sources */ = {isa = PBXBuildFile; fileRef = 759D239B27A9E648001DE6C8 /* Functions.swift */; };
		759D239E27A9E6AD001DE6C8 /* MultipleSelectionRowView.swift in Sources */ = {isa = PBXBuildFile; fileRef = 759D239D27A9E6AD001DE6C8 /* MultipleSelectionRowView.swift */; };
		75A9C86427A9EC4C00E1AAC6 /* LatestView.swift in Sources */ = {isa = PBXBuildFile; fileRef = 75A9C86327A9EC4C00E1AAC6 /* LatestView.swift */; };
		75AB834C2800659F009917C1 /* CustomTabView.swift in Sources */ = {isa = PBXBuildFile; fileRef = 75AB834B2800659F009917C1 /* CustomTabView.swift */; };
		75D113D827B55CAA00498FBE /* TagsListView.swift in Sources */ = {isa = PBXBuildFile; fileRef = 75D113D727B55CAA00498FBE /* TagsListView.swift */; };
		75DBC11827B95CFE00AC7D2B /* QuoteListRowView.swift in Sources */ = {isa = PBXBuildFile; fileRef = 75DBC11727B95CFE00AC7D2B /* QuoteListRowView.swift */; };
		75DBC11A27B9901D00AC7D2B /* QuotesListView.swift in Sources */ = {isa = PBXBuildFile; fileRef = 75DBC11927B9901D00AC7D2B /* QuotesListView.swift */; };
		75DBC11C27B9929F00AC7D2B /* QuoteView.swift in Sources */ = {isa = PBXBuildFile; fileRef = 75DBC11B27B9929F00AC7D2B /* QuoteView.swift */; };
/* End PBXBuildFile section */

/* Begin PBXContainerItemProxy section */
		1DC1A95428043C2600D94614 /* PBXContainerItemProxy */ = {
			isa = PBXContainerItemProxy;
			containerPortal = 7575E7AB27A8382900CF0804 /* Project object */;
			proxyType = 1;
			remoteGlobalIDString = 7575E7B227A8382900CF0804;
			remoteInfo = AirQuotes;
		};
/* End PBXContainerItemProxy section */

/* Begin PBXFileReference section */
		1D3B9EE427A8425C009A6CF3 /* StoreAirQuotes.swift */ = {isa = PBXFileReference; lastKnownFileType = sourcecode.swift; path = StoreAirQuotes.swift; sourceTree = "<group>"; };
		1D3B9EEB27A845A6009A6CF3 /* CoreDataModelAirQuotes.xcdatamodel */ = {isa = PBXFileReference; lastKnownFileType = wrapper.xcdatamodel; path = CoreDataModelAirQuotes.xcdatamodel; sourceTree = "<group>"; };
		1DC1A94E28043C2600D94614 /* AirQuotesUITests.xctest */ = {isa = PBXFileReference; explicitFileType = wrapper.cfbundle; includeInIndex = 0; path = AirQuotesUITests.xctest; sourceTree = BUILT_PRODUCTS_DIR; };
		1DC1A95028043C2600D94614 /* AirQuotesUITests.swift */ = {isa = PBXFileReference; lastKnownFileType = sourcecode.swift; path = AirQuotesUITests.swift; sourceTree = "<group>"; };
		1DC1A95228043C2600D94614 /* AirQuotesUITestsLaunchTests.swift */ = {isa = PBXFileReference; lastKnownFileType = sourcecode.swift; path = AirQuotesUITestsLaunchTests.swift; sourceTree = "<group>"; };
		1DE108DD27B12893004D078C /* ModelExceptions.swift */ = {isa = PBXFileReference; lastKnownFileType = sourcecode.swift; path = ModelExceptions.swift; sourceTree = "<group>"; };
		1DE108DF27B13431004D078C /* NSSet.swift */ = {isa = PBXFileReference; lastKnownFileType = sourcecode.swift; path = NSSet.swift; sourceTree = "<group>"; };
		751FFDCB27B43F2E00E5476C /* FavoritesListView.swift */ = {isa = PBXFileReference; lastKnownFileType = sourcecode.swift; path = FavoritesListView.swift; sourceTree = "<group>"; };
		751FFDCD27B443B200E5476C /* CollectionsSliderView.swift */ = {isa = PBXFileReference; lastKnownFileType = sourcecode.swift; path = CollectionsSliderView.swift; sourceTree = "<group>"; };
		7520042727A990BB0054DDDA /* QuotesSliderView.swift */ = {isa = PBXFileReference; lastKnownFileType = sourcecode.swift; path = QuotesSliderView.swift; sourceTree = "<group>"; };
		7520042927A9DF520054DDDA /* QuoteFormView.swift */ = {isa = PBXFileReference; lastKnownFileType = sourcecode.swift; path = QuoteFormView.swift; sourceTree = "<group>"; };
		7532090427A86ED800FBCA86 /* LatestSectionView.swift */ = {isa = PBXFileReference; lastKnownFileType = sourcecode.swift; path = LatestSectionView.swift; sourceTree = "<group>"; };
		7532090727A8707A00FBCA86 /* String.swift */ = {isa = PBXFileReference; lastKnownFileType = sourcecode.swift; path = String.swift; sourceTree = "<group>"; };
		7532090927A8714E00FBCA86 /* View.swift */ = {isa = PBXFileReference; lastKnownFileType = sourcecode.swift; path = View.swift; sourceTree = "<group>"; };
		7532090C27A8814900FBCA86 /* BrowseView.swift */ = {isa = PBXFileReference; lastKnownFileType = sourcecode.swift; path = BrowseView.swift; sourceTree = "<group>"; };
		7532090E27A8843D00FBCA86 /* Settings.swift */ = {isa = PBXFileReference; lastKnownFileType = sourcecode.swift; path = Settings.swift; sourceTree = "<group>"; };
		7532091127A886D600FBCA86 /* RoundedRectangleButtonStyle.swift */ = {isa = PBXFileReference; lastKnownFileType = sourcecode.swift; path = RoundedRectangleButtonStyle.swift; sourceTree = "<group>"; };
		7532091527A9746E00FBCA86 /* TupleView.swift */ = {isa = PBXFileReference; lastKnownFileType = sourcecode.swift; path = TupleView.swift; sourceTree = "<group>"; };
		75391DCC27AA812100C9BA27 /* CoreDataManager.swift */ = {isa = PBXFileReference; fileEncoding = 4; lastKnownFileType = sourcecode.swift; name = CoreDataManager.swift; path = AirQuotes/ViewControllers/CoreDataManager.swift; sourceTree = SOURCE_ROOT; };
		75391DCD27AA812100C9BA27 /* ModelAirQuotes.swift */ = {isa = PBXFileReference; fileEncoding = 4; lastKnownFileType = sourcecode.swift; name = ModelAirQuotes.swift; path = AirQuotes/ViewControllers/ModelAirQuotes.swift; sourceTree = SOURCE_ROOT; };
		75391DD027AAC08000C9BA27 /* TagFormView.swift */ = {isa = PBXFileReference; lastKnownFileType = sourcecode.swift; path = TagFormView.swift; sourceTree = "<group>"; };
		75391DD227AAC19100C9BA27 /* TagView.swift */ = {isa = PBXFileReference; lastKnownFileType = sourcecode.swift; path = TagView.swift; sourceTree = "<group>"; };
		75391DD727AB0D2D00C9BA27 /* CollectionFormView.swift */ = {isa = PBXFileReference; lastKnownFileType = sourcecode.swift; path = CollectionFormView.swift; sourceTree = "<group>"; };
		75391DD927AB268200C9BA27 /* ColorSelectionView.swift */ = {isa = PBXFileReference; lastKnownFileType = sourcecode.swift; path = ColorSelectionView.swift; sourceTree = "<group>"; };
		75391DDB27AB283500C9BA27 /* CollectionItemView.swift */ = {isa = PBXFileReference; lastKnownFileType = sourcecode.swift; path = CollectionItemView.swift; sourceTree = "<group>"; };
		7575E7B327A8382900CF0804 /* AirQuotes.app */ = {isa = PBXFileReference; explicitFileType = wrapper.application; includeInIndex = 0; path = AirQuotes.app; sourceTree = BUILT_PRODUCTS_DIR; };
		7575E7B627A8382900CF0804 /* AirQuotesApp.swift */ = {isa = PBXFileReference; lastKnownFileType = sourcecode.swift; path = AirQuotesApp.swift; sourceTree = "<group>"; };
		7575E7B827A8382900CF0804 /* ContentView.swift */ = {isa = PBXFileReference; lastKnownFileType = sourcecode.swift; path = ContentView.swift; sourceTree = "<group>"; };
		7575E7BA27A8382A00CF0804 /* Assets.xcassets */ = {isa = PBXFileReference; lastKnownFileType = folder.assetcatalog; path = Assets.xcassets; sourceTree = "<group>"; };
		7575E7BD27A8382A00CF0804 /* Preview Assets.xcassets */ = {isa = PBXFileReference; lastKnownFileType = folder.assetcatalog; path = "Preview Assets.xcassets"; sourceTree = "<group>"; };
		757EC1DD27AC5634000F65A1 /* IconSelectionView.swift */ = {isa = PBXFileReference; lastKnownFileType = sourcecode.swift; path = IconSelectionView.swift; sourceTree = "<group>"; };
		75815FDB27AB37C400C660F5 /* Array.swift */ = {isa = PBXFileReference; lastKnownFileType = sourcecode.swift; path = Array.swift; sourceTree = "<group>"; };
		75815FDD27AB3E6800C660F5 /* CollectionsListView.swift */ = {isa = PBXFileReference; lastKnownFileType = sourcecode.swift; path = CollectionsListView.swift; sourceTree = "<group>"; };
		759D239B27A9E648001DE6C8 /* Functions.swift */ = {isa = PBXFileReference; lastKnownFileType = sourcecode.swift; path = Functions.swift; sourceTree = "<group>"; };
		759D239D27A9E6AD001DE6C8 /* MultipleSelectionRowView.swift */ = {isa = PBXFileReference; lastKnownFileType = sourcecode.swift; path = MultipleSelectionRowView.swift; sourceTree = "<group>"; };
		75A9C86327A9EC4C00E1AAC6 /* LatestView.swift */ = {isa = PBXFileReference; fileEncoding = 4; lastKnownFileType = sourcecode.swift; path = LatestView.swift; sourceTree = "<group>"; };
		75AB834B2800659F009917C1 /* CustomTabView.swift */ = {isa = PBXFileReference; lastKnownFileType = sourcecode.swift; path = CustomTabView.swift; sourceTree = "<group>"; };
		75D113D727B55CAA00498FBE /* TagsListView.swift */ = {isa = PBXFileReference; lastKnownFileType = sourcecode.swift; path = TagsListView.swift; sourceTree = "<group>"; };
		75DBC11727B95CFE00AC7D2B /* QuoteListRowView.swift */ = {isa = PBXFileReference; lastKnownFileType = sourcecode.swift; path = QuoteListRowView.swift; sourceTree = "<group>"; };
		75DBC11927B9901D00AC7D2B /* QuotesListView.swift */ = {isa = PBXFileReference; lastKnownFileType = sourcecode.swift; path = QuotesListView.swift; sourceTree = "<group>"; };
		75DBC11B27B9929F00AC7D2B /* QuoteView.swift */ = {isa = PBXFileReference; lastKnownFileType = sourcecode.swift; path = QuoteView.swift; sourceTree = "<group>"; };
/* End PBXFileReference section */

/* Begin PBXFrameworksBuildPhase section */
		1DC1A94B28043C2600D94614 /* Frameworks */ = {
			isa = PBXFrameworksBuildPhase;
			buildActionMask = 2147483647;
			files = (
			);
			runOnlyForDeploymentPostprocessing = 0;
		};
		7575E7B027A8382900CF0804 /* Frameworks */ = {
			isa = PBXFrameworksBuildPhase;
			buildActionMask = 2147483647;
			files = (
			);
			runOnlyForDeploymentPostprocessing = 0;
		};
/* End PBXFrameworksBuildPhase section */

/* Begin PBXGroup section */
		1DC1A94F28043C2600D94614 /* AirQuotesUITests */ = {
			isa = PBXGroup;
			children = (
				1DC1A95028043C2600D94614 /* AirQuotesUITests.swift */,
				1DC1A95228043C2600D94614 /* AirQuotesUITestsLaunchTests.swift */,
			);
			path = AirQuotesUITests;
			sourceTree = "<group>";
		};
		1DE108DC27B12834004D078C /* Exceptions */ = {
			isa = PBXGroup;
			children = (
				1DE108DD27B12893004D078C /* ModelExceptions.swift */,
			);
			path = Exceptions;
			sourceTree = "<group>";
		};
		7532090027A86D3100FBCA86 /* Shared */ = {
			isa = PBXGroup;
			children = (
				759D239D27A9E6AD001DE6C8 /* MultipleSelectionRowView.swift */,
				75391DD227AAC19100C9BA27 /* TagView.swift */,
				75391DDB27AB283500C9BA27 /* CollectionItemView.swift */,
				75DBC11727B95CFE00AC7D2B /* QuoteListRowView.swift */,
				75DBC11927B9901D00AC7D2B /* QuotesListView.swift */,
				75DBC11B27B9929F00AC7D2B /* QuoteView.swift */,
				75AB834B2800659F009917C1 /* CustomTabView.swift */,
			);
			path = Shared;
			sourceTree = "<group>";
		};
		7532090127A86E6E00FBCA86 /* LatestTab */ = {
			isa = PBXGroup;
			children = (
				7532090427A86ED800FBCA86 /* LatestSectionView.swift */,
				75A9C86327A9EC4C00E1AAC6 /* LatestView.swift */,
				7520042727A990BB0054DDDA /* QuotesSliderView.swift */,
				751FFDCD27B443B200E5476C /* CollectionsSliderView.swift */,
			);
			path = LatestTab;
			sourceTree = "<group>";
		};
		7532090627A8705800FBCA86 /* Extensions */ = {
			isa = PBXGroup;
			children = (
				75815FDB27AB37C400C660F5 /* Array.swift */,
				7532090727A8707A00FBCA86 /* String.swift */,
				7532091527A9746E00FBCA86 /* TupleView.swift */,
				7532090927A8714E00FBCA86 /* View.swift */,
				1DE108DF27B13431004D078C /* NSSet.swift */,
			);
			path = Extensions;
			sourceTree = "<group>";
		};
		7532090B27A8813200FBCA86 /* BrowseTab */ = {
			isa = PBXGroup;
			children = (
				7532090C27A8814900FBCA86 /* BrowseView.swift */,
				75815FDD27AB3E6800C660F5 /* CollectionsListView.swift */,
				751FFDCB27B43F2E00E5476C /* FavoritesListView.swift */,
				75D113D727B55CAA00498FBE /* TagsListView.swift */,
			);
			path = BrowseTab;
			sourceTree = "<group>";
		};
		7532091027A886BC00FBCA86 /* Styles */ = {
			isa = PBXGroup;
			children = (
				7532091127A886D600FBCA86 /* RoundedRectangleButtonStyle.swift */,
			);
			path = Styles;
			sourceTree = "<group>";
		};
		75391DD627AB0D1300C9BA27 /* Forms */ = {
			isa = PBXGroup;
			children = (
				75391DD727AB0D2D00C9BA27 /* CollectionFormView.swift */,
				7520042927A9DF520054DDDA /* QuoteFormView.swift */,
				75391DD027AAC08000C9BA27 /* TagFormView.swift */,
				75391DD927AB268200C9BA27 /* ColorSelectionView.swift */,
				757EC1DD27AC5634000F65A1 /* IconSelectionView.swift */,
			);
			path = Forms;
			sourceTree = "<group>";
		};
		7575E7AA27A8382900CF0804 = {
			isa = PBXGroup;
			children = (
				7575E7B527A8382900CF0804 /* AirQuotes */,
				1DC1A94F28043C2600D94614 /* AirQuotesUITests */,
				7575E7B427A8382900CF0804 /* Products */,
			);
			sourceTree = "<group>";
		};
		7575E7B427A8382900CF0804 /* Products */ = {
			isa = PBXGroup;
			children = (
				7575E7B327A8382900CF0804 /* AirQuotes.app */,
				1DC1A94E28043C2600D94614 /* AirQuotesUITests.xctest */,
			);
			name = Products;
			sourceTree = "<group>";
		};
		7575E7B527A8382900CF0804 /* AirQuotes */ = {
			isa = PBXGroup;
			children = (
				7575E7B627A8382900CF0804 /* AirQuotesApp.swift */,
				7575E7C527A8394200CF0804 /* Models */,
				7575E7C727A8395E00CF0804 /* ViewControllers */,
				7575E7C427A8390500CF0804 /* Views */,
				7575E7C627A8395800CF0804 /* Utilities */,
				7575E7BA27A8382A00CF0804 /* Assets.xcassets */,
				1D3B9EEA27A845A6009A6CF3 /* CoreDataModelAirQuotes.xcdatamodeld */,
				7575E7BC27A8382A00CF0804 /* Preview Content */,
			);
			path = AirQuotes;
			sourceTree = "<group>";
		};
		7575E7BC27A8382A00CF0804 /* Preview Content */ = {
			isa = PBXGroup;
			children = (
				7575E7BD27A8382A00CF0804 /* Preview Assets.xcassets */,
			);
			path = "Preview Content";
			sourceTree = "<group>";
		};
		7575E7C427A8390500CF0804 /* Views */ = {
			isa = PBXGroup;
			children = (
				7532090027A86D3100FBCA86 /* Shared */,
				7532090B27A8813200FBCA86 /* BrowseTab */,
				75391DD627AB0D1300C9BA27 /* Forms */,
				7532090127A86E6E00FBCA86 /* LatestTab */,
				7575E7B827A8382900CF0804 /* ContentView.swift */,
			);
			path = Views;
			sourceTree = "<group>";
		};
		7575E7C527A8394200CF0804 /* Models */ = {
			isa = PBXGroup;
			children = (
				75391DCC27AA812100C9BA27 /* CoreDataManager.swift */,
				75391DCD27AA812100C9BA27 /* ModelAirQuotes.swift */,
			);
			path = Models;
			sourceTree = "<group>";
		};
		7575E7C627A8395800CF0804 /* Utilities */ = {
			isa = PBXGroup;
			children = (
				1DE108DC27B12834004D078C /* Exceptions */,
				7532091027A886BC00FBCA86 /* Styles */,
				7532090627A8705800FBCA86 /* Extensions */,
				759D239B27A9E648001DE6C8 /* Functions.swift */,
				7532090E27A8843D00FBCA86 /* Settings.swift */,
			);
			path = Utilities;
			sourceTree = "<group>";
		};
		7575E7C727A8395E00CF0804 /* ViewControllers */ = {
			isa = PBXGroup;
			children = (
				1D3B9EE427A8425C009A6CF3 /* StoreAirQuotes.swift */,
			);
			path = ViewControllers;
			sourceTree = "<group>";
		};
/* End PBXGroup section */

/* Begin PBXNativeTarget section */
		1DC1A94D28043C2600D94614 /* AirQuotesUITests */ = {
			isa = PBXNativeTarget;
			buildConfigurationList = 1DC1A95628043C2600D94614 /* Build configuration list for PBXNativeTarget "AirQuotesUITests" */;
			buildPhases = (
				1DC1A94A28043C2600D94614 /* Sources */,
				1DC1A94B28043C2600D94614 /* Frameworks */,
				1DC1A94C28043C2600D94614 /* Resources */,
			);
			buildRules = (
			);
			dependencies = (
				1DC1A95528043C2600D94614 /* PBXTargetDependency */,
			);
			name = AirQuotesUITests;
			productName = AirQuotesUITests;
			productReference = 1DC1A94E28043C2600D94614 /* AirQuotesUITests.xctest */;
			productType = "com.apple.product-type.bundle.ui-testing";
		};
		7575E7B227A8382900CF0804 /* AirQuotes */ = {
			isa = PBXNativeTarget;
			buildConfigurationList = 7575E7C127A8382A00CF0804 /* Build configuration list for PBXNativeTarget "AirQuotes" */;
			buildPhases = (
				7575E7AF27A8382900CF0804 /* Sources */,
				7575E7B027A8382900CF0804 /* Frameworks */,
				7575E7B127A8382900CF0804 /* Resources */,
			);
			buildRules = (
			);
			dependencies = (
			);
			name = AirQuotes;
			productName = AirQuotes;
			productReference = 7575E7B327A8382900CF0804 /* AirQuotes.app */;
			productType = "com.apple.product-type.application";
		};
/* End PBXNativeTarget section */

/* Begin PBXProject section */
		7575E7AB27A8382900CF0804 /* Project object */ = {
			isa = PBXProject;
			attributes = {
				BuildIndependentTargetsInParallel = 1;
				LastSwiftUpdateCheck = 1330;
				LastUpgradeCheck = 1320;
				TargetAttributes = {
					1DC1A94D28043C2600D94614 = {
						CreatedOnToolsVersion = 13.3;
						TestTargetID = 7575E7B227A8382900CF0804;
					};
					7575E7B227A8382900CF0804 = {
						CreatedOnToolsVersion = 13.2.1;
					};
				};
			};
			buildConfigurationList = 7575E7AE27A8382900CF0804 /* Build configuration list for PBXProject "AirQuotes" */;
			compatibilityVersion = "Xcode 13.0";
			developmentRegion = en;
			hasScannedForEncodings = 0;
			knownRegions = (
				en,
				Base,
			);
			mainGroup = 7575E7AA27A8382900CF0804;
			productRefGroup = 7575E7B427A8382900CF0804 /* Products */;
			projectDirPath = "";
			projectRoot = "";
			targets = (
				7575E7B227A8382900CF0804 /* AirQuotes */,
				1DC1A94D28043C2600D94614 /* AirQuotesUITests */,
			);
		};
/* End PBXProject section */

/* Begin PBXResourcesBuildPhase section */
		1DC1A94C28043C2600D94614 /* Resources */ = {
			isa = PBXResourcesBuildPhase;
			buildActionMask = 2147483647;
			files = (
			);
			runOnlyForDeploymentPostprocessing = 0;
		};
		7575E7B127A8382900CF0804 /* Resources */ = {
			isa = PBXResourcesBuildPhase;
			buildActionMask = 2147483647;
			files = (
				7575E7BE27A8382A00CF0804 /* Preview Assets.xcassets in Resources */,
				7575E7BB27A8382A00CF0804 /* Assets.xcassets in Resources */,
			);
			runOnlyForDeploymentPostprocessing = 0;
		};
/* End PBXResourcesBuildPhase section */

/* Begin PBXSourcesBuildPhase section */
		1DC1A94A28043C2600D94614 /* Sources */ = {
			isa = PBXSourcesBuildPhase;
			buildActionMask = 2147483647;
			files = (
				1DC1A95328043C2600D94614 /* AirQuotesUITestsLaunchTests.swift in Sources */,
				1DC1A95128043C2600D94614 /* AirQuotesUITests.swift in Sources */,
			);
			runOnlyForDeploymentPostprocessing = 0;
		};
		7575E7AF27A8382900CF0804 /* Sources */ = {
			isa = PBXSourcesBuildPhase;
			buildActionMask = 2147483647;
			files = (
				75391DC627AA80DF00C9BA27 /* View.swift in Sources */,
				75391DC727AA80E100C9BA27 /* TupleView.swift in Sources */,
				75391DCE27AA812100C9BA27 /* CoreDataManager.swift in Sources */,
				75391DD127AAC08000C9BA27 /* TagFormView.swift in Sources */,
				75815FDE27AB3E6900C660F5 /* CollectionsListView.swift in Sources */,
				7575E7B927A8382900CF0804 /* ContentView.swift in Sources */,
				7575E7B727A8382900CF0804 /* AirQuotesApp.swift in Sources */,
				75391DC827AA80E900C9BA27 /* CoreDataModelAirQuotes.xcdatamodeld in Sources */,
				757EC1DE27AC5634000F65A1 /* IconSelectionView.swift in Sources */,
				75D113D827B55CAA00498FBE /* TagsListView.swift in Sources */,
				75815FDC27AB37C400C660F5 /* Array.swift in Sources */,
				75391DC927AA80F200C9BA27 /* BrowseView.swift in Sources */,
				75391DC227AA80AB00C9BA27 /* QuotesSliderView.swift in Sources */,
				75391DC327AA80CB00C9BA27 /* Settings.swift in Sources */,
				75DBC11827B95CFE00AC7D2B /* QuoteListRowView.swift in Sources */,
				759D239C27A9E648001DE6C8 /* Functions.swift in Sources */,
				751FFDCC27B43F2E00E5476C /* FavoritesListView.swift in Sources */,
				75391DD327AAC19100C9BA27 /* TagView.swift in Sources */,
				1DE108E027B13431004D078C /* NSSet.swift in Sources */,
				751FFDCE27B443B200E5476C /* CollectionsSliderView.swift in Sources */,
				75391DC527AA80DD00C9BA27 /* String.swift in Sources */,
				75DBC11A27B9901D00AC7D2B /* QuotesListView.swift in Sources */,
				75391DCA27AA80F800C9BA27 /* StoreAirQuotes.swift in Sources */,
				1DE108DE27B12893004D078C /* ModelExceptions.swift in Sources */,
				75391DDC27AB283500C9BA27 /* CollectionItemView.swift in Sources */,
				75DBC11C27B9929F00AC7D2B /* QuoteView.swift in Sources */,
				75391DC427AA80D900C9BA27 /* RoundedRectangleButtonStyle.swift in Sources */,
				75AB834C2800659F009917C1 /* CustomTabView.swift in Sources */,
				759D239E27A9E6AD001DE6C8 /* MultipleSelectionRowView.swift in Sources */,
				7520042A27A9DF520054DDDA /* QuoteFormView.swift in Sources */,
				75391DCF27AA812100C9BA27 /* ModelAirQuotes.swift in Sources */,
				75A9C86427A9EC4C00E1AAC6 /* LatestView.swift in Sources */,
				75391DD827AB0D2D00C9BA27 /* CollectionFormView.swift in Sources */,
				75391DDA27AB268200C9BA27 /* ColorSelectionView.swift in Sources */,
				75391DC127AA80A600C9BA27 /* LatestSectionView.swift in Sources */,
			);
			runOnlyForDeploymentPostprocessing = 0;
		};
/* End PBXSourcesBuildPhase section */

/* Begin PBXTargetDependency section */
		1DC1A95528043C2600D94614 /* PBXTargetDependency */ = {
			isa = PBXTargetDependency;
			target = 7575E7B227A8382900CF0804 /* AirQuotes */;
			targetProxy = 1DC1A95428043C2600D94614 /* PBXContainerItemProxy */;
		};
/* End PBXTargetDependency section */

/* Begin XCBuildConfiguration section */
		1DC1A95728043C2600D94614 /* Debug */ = {
			isa = XCBuildConfiguration;
			buildSettings = {
				CODE_SIGN_STYLE = Automatic;
				CURRENT_PROJECT_VERSION = 1;
				DEVELOPMENT_TEAM = USC938GT8B;
				GENERATE_INFOPLIST_FILE = YES;
				IPHONEOS_DEPLOYMENT_TARGET = 15.4;
				MARKETING_VERSION = 1.0;
				PRODUCT_BUNDLE_IDENTIFIER = com.RiccardoRuocco.AirQuotesUITests;
				PRODUCT_NAME = "$(TARGET_NAME)";
				SWIFT_EMIT_LOC_STRINGS = NO;
				SWIFT_VERSION = 5.0;
				TARGETED_DEVICE_FAMILY = "1,2";
				TEST_TARGET_NAME = AirQuotes;
			};
			name = Debug;
		};
		1DC1A95828043C2600D94614 /* Release */ = {
			isa = XCBuildConfiguration;
			buildSettings = {
				CODE_SIGN_STYLE = Automatic;
				CURRENT_PROJECT_VERSION = 1;
				DEVELOPMENT_TEAM = USC938GT8B;
				GENERATE_INFOPLIST_FILE = YES;
				IPHONEOS_DEPLOYMENT_TARGET = 15.4;
				MARKETING_VERSION = 1.0;
				PRODUCT_BUNDLE_IDENTIFIER = com.RiccardoRuocco.AirQuotesUITests;
				PRODUCT_NAME = "$(TARGET_NAME)";
				SWIFT_EMIT_LOC_STRINGS = NO;
				SWIFT_VERSION = 5.0;
				TARGETED_DEVICE_FAMILY = "1,2";
				TEST_TARGET_NAME = AirQuotes;
			};
			name = Release;
		};
		7575E7BF27A8382A00CF0804 /* Debug */ = {
			isa = XCBuildConfiguration;
			buildSettings = {
				ALWAYS_SEARCH_USER_PATHS = NO;
				CLANG_ANALYZER_NONNULL = YES;
				CLANG_ANALYZER_NUMBER_OBJECT_CONVERSION = YES_AGGRESSIVE;
				CLANG_CXX_LANGUAGE_STANDARD = "gnu++17";
				CLANG_CXX_LIBRARY = "libc++";
				CLANG_ENABLE_MODULES = YES;
				CLANG_ENABLE_OBJC_ARC = YES;
				CLANG_ENABLE_OBJC_WEAK = YES;
				CLANG_WARN_BLOCK_CAPTURE_AUTORELEASING = YES;
				CLANG_WARN_BOOL_CONVERSION = YES;
				CLANG_WARN_COMMA = YES;
				CLANG_WARN_CONSTANT_CONVERSION = YES;
				CLANG_WARN_DEPRECATED_OBJC_IMPLEMENTATIONS = YES;
				CLANG_WARN_DIRECT_OBJC_ISA_USAGE = YES_ERROR;
				CLANG_WARN_DOCUMENTATION_COMMENTS = YES;
				CLANG_WARN_EMPTY_BODY = YES;
				CLANG_WARN_ENUM_CONVERSION = YES;
				CLANG_WARN_INFINITE_RECURSION = YES;
				CLANG_WARN_INT_CONVERSION = YES;
				CLANG_WARN_NON_LITERAL_NULL_CONVERSION = YES;
				CLANG_WARN_OBJC_IMPLICIT_RETAIN_SELF = YES;
				CLANG_WARN_OBJC_LITERAL_CONVERSION = YES;
				CLANG_WARN_OBJC_ROOT_CLASS = YES_ERROR;
				CLANG_WARN_QUOTED_INCLUDE_IN_FRAMEWORK_HEADER = YES;
				CLANG_WARN_RANGE_LOOP_ANALYSIS = YES;
				CLANG_WARN_STRICT_PROTOTYPES = YES;
				CLANG_WARN_SUSPICIOUS_MOVE = YES;
				CLANG_WARN_UNGUARDED_AVAILABILITY = YES_AGGRESSIVE;
				CLANG_WARN_UNREACHABLE_CODE = YES;
				CLANG_WARN__DUPLICATE_METHOD_MATCH = YES;
				COPY_PHASE_STRIP = NO;
				DEBUG_INFORMATION_FORMAT = dwarf;
				ENABLE_STRICT_OBJC_MSGSEND = YES;
				ENABLE_TESTABILITY = YES;
				GCC_C_LANGUAGE_STANDARD = gnu11;
				GCC_DYNAMIC_NO_PIC = NO;
				GCC_NO_COMMON_BLOCKS = YES;
				GCC_OPTIMIZATION_LEVEL = 0;
				GCC_PREPROCESSOR_DEFINITIONS = (
					"DEBUG=1",
					"$(inherited)",
				);
				GCC_WARN_64_TO_32_BIT_CONVERSION = YES;
				GCC_WARN_ABOUT_RETURN_TYPE = YES_ERROR;
				GCC_WARN_UNDECLARED_SELECTOR = YES;
				GCC_WARN_UNINITIALIZED_AUTOS = YES_AGGRESSIVE;
				GCC_WARN_UNUSED_FUNCTION = YES;
				GCC_WARN_UNUSED_VARIABLE = YES;
				IPHONEOS_DEPLOYMENT_TARGET = 15.2;
				MTL_ENABLE_DEBUG_INFO = INCLUDE_SOURCE;
				MTL_FAST_MATH = YES;
				ONLY_ACTIVE_ARCH = YES;
				SDKROOT = iphoneos;
				SWIFT_ACTIVE_COMPILATION_CONDITIONS = DEBUG;
				SWIFT_OPTIMIZATION_LEVEL = "-Onone";
			};
			name = Debug;
		};
		7575E7C027A8382A00CF0804 /* Release */ = {
			isa = XCBuildConfiguration;
			buildSettings = {
				ALWAYS_SEARCH_USER_PATHS = NO;
				CLANG_ANALYZER_NONNULL = YES;
				CLANG_ANALYZER_NUMBER_OBJECT_CONVERSION = YES_AGGRESSIVE;
				CLANG_CXX_LANGUAGE_STANDARD = "gnu++17";
				CLANG_CXX_LIBRARY = "libc++";
				CLANG_ENABLE_MODULES = YES;
				CLANG_ENABLE_OBJC_ARC = YES;
				CLANG_ENABLE_OBJC_WEAK = YES;
				CLANG_WARN_BLOCK_CAPTURE_AUTORELEASING = YES;
				CLANG_WARN_BOOL_CONVERSION = YES;
				CLANG_WARN_COMMA = YES;
				CLANG_WARN_CONSTANT_CONVERSION = YES;
				CLANG_WARN_DEPRECATED_OBJC_IMPLEMENTATIONS = YES;
				CLANG_WARN_DIRECT_OBJC_ISA_USAGE = YES_ERROR;
				CLANG_WARN_DOCUMENTATION_COMMENTS = YES;
				CLANG_WARN_EMPTY_BODY = YES;
				CLANG_WARN_ENUM_CONVERSION = YES;
				CLANG_WARN_INFINITE_RECURSION = YES;
				CLANG_WARN_INT_CONVERSION = YES;
				CLANG_WARN_NON_LITERAL_NULL_CONVERSION = YES;
				CLANG_WARN_OBJC_IMPLICIT_RETAIN_SELF = YES;
				CLANG_WARN_OBJC_LITERAL_CONVERSION = YES;
				CLANG_WARN_OBJC_ROOT_CLASS = YES_ERROR;
				CLANG_WARN_QUOTED_INCLUDE_IN_FRAMEWORK_HEADER = YES;
				CLANG_WARN_RANGE_LOOP_ANALYSIS = YES;
				CLANG_WARN_STRICT_PROTOTYPES = YES;
				CLANG_WARN_SUSPICIOUS_MOVE = YES;
				CLANG_WARN_UNGUARDED_AVAILABILITY = YES_AGGRESSIVE;
				CLANG_WARN_UNREACHABLE_CODE = YES;
				CLANG_WARN__DUPLICATE_METHOD_MATCH = YES;
				COPY_PHASE_STRIP = NO;
				DEBUG_INFORMATION_FORMAT = "dwarf-with-dsym";
				ENABLE_NS_ASSERTIONS = NO;
				ENABLE_STRICT_OBJC_MSGSEND = YES;
				GCC_C_LANGUAGE_STANDARD = gnu11;
				GCC_NO_COMMON_BLOCKS = YES;
				GCC_WARN_64_TO_32_BIT_CONVERSION = YES;
				GCC_WARN_ABOUT_RETURN_TYPE = YES_ERROR;
				GCC_WARN_UNDECLARED_SELECTOR = YES;
				GCC_WARN_UNINITIALIZED_AUTOS = YES_AGGRESSIVE;
				GCC_WARN_UNUSED_FUNCTION = YES;
				GCC_WARN_UNUSED_VARIABLE = YES;
				IPHONEOS_DEPLOYMENT_TARGET = 15.2;
				MTL_ENABLE_DEBUG_INFO = NO;
				MTL_FAST_MATH = YES;
				SDKROOT = iphoneos;
				SWIFT_COMPILATION_MODE = wholemodule;
				SWIFT_OPTIMIZATION_LEVEL = "-O";
				VALIDATE_PRODUCT = YES;
			};
			name = Release;
		};
		7575E7C227A8382A00CF0804 /* Debug */ = {
			isa = XCBuildConfiguration;
			buildSettings = {
				ASSETCATALOG_COMPILER_APPICON_NAME = AppIcon;
				ASSETCATALOG_COMPILER_GLOBAL_ACCENT_COLOR_NAME = AccentColor;
				CODE_SIGN_STYLE = Automatic;
				CURRENT_PROJECT_VERSION = 1;
				DEVELOPMENT_ASSET_PATHS = "\"AirQuotes/Preview Content\"";
				DEVELOPMENT_TEAM = W63RPFLVSJ;
				ENABLE_PREVIEWS = YES;
				GENERATE_INFOPLIST_FILE = YES;
				INFOPLIST_KEY_UIApplicationSceneManifest_Generation = YES;
				INFOPLIST_KEY_UIApplicationSupportsIndirectInputEvents = YES;
				INFOPLIST_KEY_UILaunchScreen_Generation = YES;
				INFOPLIST_KEY_UISupportedInterfaceOrientations_iPad = "UIInterfaceOrientationPortrait UIInterfaceOrientationPortraitUpsideDown UIInterfaceOrientationLandscapeLeft UIInterfaceOrientationLandscapeRight";
				INFOPLIST_KEY_UISupportedInterfaceOrientations_iPhone = "UIInterfaceOrientationPortrait UIInterfaceOrientationLandscapeLeft UIInterfaceOrientationLandscapeRight";
				LD_RUNPATH_SEARCH_PATHS = (
					"$(inherited)",
					"@executable_path/Frameworks",
				);
				MARKETING_VERSION = 1.0;
				PRODUCT_BUNDLE_IDENTIFIER = it.carmineporricelli.AirQuotes;
				PRODUCT_NAME = "$(TARGET_NAME)";
				SWIFT_EMIT_LOC_STRINGS = YES;
				SWIFT_VERSION = 5.0;
				TARGETED_DEVICE_FAMILY = "1,2";
			};
			name = Debug;
		};
		7575E7C327A8382A00CF0804 /* Release */ = {
			isa = XCBuildConfiguration;
			buildSettings = {
				ASSETCATALOG_COMPILER_APPICON_NAME = AppIcon;
				ASSETCATALOG_COMPILER_GLOBAL_ACCENT_COLOR_NAME = AccentColor;
				CODE_SIGN_STYLE = Automatic;
				CURRENT_PROJECT_VERSION = 1;
				DEVELOPMENT_ASSET_PATHS = "\"AirQuotes/Preview Content\"";
				DEVELOPMENT_TEAM = W63RPFLVSJ;
				ENABLE_PREVIEWS = YES;
				GENERATE_INFOPLIST_FILE = YES;
				INFOPLIST_KEY_UIApplicationSceneManifest_Generation = YES;
				INFOPLIST_KEY_UIApplicationSupportsIndirectInputEvents = YES;
				INFOPLIST_KEY_UILaunchScreen_Generation = YES;
				INFOPLIST_KEY_UISupportedInterfaceOrientations_iPad = "UIInterfaceOrientationPortrait UIInterfaceOrientationPortraitUpsideDown UIInterfaceOrientationLandscapeLeft UIInterfaceOrientationLandscapeRight";
				INFOPLIST_KEY_UISupportedInterfaceOrientations_iPhone = "UIInterfaceOrientationPortrait UIInterfaceOrientationLandscapeLeft UIInterfaceOrientationLandscapeRight";
				LD_RUNPATH_SEARCH_PATHS = (
					"$(inherited)",
					"@executable_path/Frameworks",
				);
				MARKETING_VERSION = 1.0;
				PRODUCT_BUNDLE_IDENTIFIER = it.carmineporricelli.AirQuotes;
				PRODUCT_NAME = "$(TARGET_NAME)";
				SWIFT_EMIT_LOC_STRINGS = YES;
				SWIFT_VERSION = 5.0;
				TARGETED_DEVICE_FAMILY = "1,2";
			};
			name = Release;
		};
/* End XCBuildConfiguration section */

/* Begin XCConfigurationList section */
		1DC1A95628043C2600D94614 /* Build configuration list for PBXNativeTarget "AirQuotesUITests" */ = {
			isa = XCConfigurationList;
			buildConfigurations = (
				1DC1A95728043C2600D94614 /* Debug */,
				1DC1A95828043C2600D94614 /* Release */,
			);
			defaultConfigurationIsVisible = 0;
			defaultConfigurationName = Release;
		};
		7575E7AE27A8382900CF0804 /* Build configuration list for PBXProject "AirQuotes" */ = {
			isa = XCConfigurationList;
			buildConfigurations = (
				7575E7BF27A8382A00CF0804 /* Debug */,
				7575E7C027A8382A00CF0804 /* Release */,
			);
			defaultConfigurationIsVisible = 0;
			defaultConfigurationName = Release;
		};
		7575E7C127A8382A00CF0804 /* Build configuration list for PBXNativeTarget "AirQuotes" */ = {
			isa = XCConfigurationList;
			buildConfigurations = (
				7575E7C227A8382A00CF0804 /* Debug */,
				7575E7C327A8382A00CF0804 /* Release */,
			);
			defaultConfigurationIsVisible = 0;
			defaultConfigurationName = Release;
		};
/* End XCConfigurationList section */

/* Begin XCVersionGroup section */
		1D3B9EEA27A845A6009A6CF3 /* CoreDataModelAirQuotes.xcdatamodeld */ = {
			isa = XCVersionGroup;
			children = (
				1D3B9EEB27A845A6009A6CF3 /* CoreDataModelAirQuotes.xcdatamodel */,
			);
			currentVersion = 1D3B9EEB27A845A6009A6CF3 /* CoreDataModelAirQuotes.xcdatamodel */;
			path = CoreDataModelAirQuotes.xcdatamodeld;
			sourceTree = "<group>";
			versionGroupType = wrapper.xcdatamodel;
		};
/* End XCVersionGroup section */
	};
	rootObject = 7575E7AB27A8382900CF0804 /* Project object */;
}
